// !$*UTF8*$!
{
	archiveVersion = 1;
	classes = {
	};
	objectVersion = 77;
	objects = {

/* Begin PBXBuildFile section */
		4093ABA72CDB9CBC00F7E060 /* DataStorage.framework in Frameworks */ = {isa = PBXBuildFile; fileRef = B307B5202CD9F881001C5040 /* DataStorage.framework */; };
		4093ABA82CDB9CBC00F7E060 /* DataStorage.framework in Embed Frameworks */ = {isa = PBXBuildFile; fileRef = B307B5202CD9F881001C5040 /* DataStorage.framework */; settings = {ATTRIBUTES = (CodeSignOnCopy, RemoveHeadersOnCopy, ); }; };
		4093ABAA2CDB9CBE00F7E060 /* NetworkModule.framework in Frameworks */ = {isa = PBXBuildFile; fileRef = B307B51E2CD9F87A001C5040 /* NetworkModule.framework */; };
		4093ABAB2CDB9CBE00F7E060 /* NetworkModule.framework in Embed Frameworks */ = {isa = PBXBuildFile; fileRef = B307B51E2CD9F87A001C5040 /* NetworkModule.framework */; settings = {ATTRIBUTES = (CodeSignOnCopy, RemoveHeadersOnCopy, ); }; };
		4093ABAC2CDB9CBF00F7E060 /* Presentation.framework in Frameworks */ = {isa = PBXBuildFile; fileRef = B307B4BB2CD9B6D6001C5040 /* Presentation.framework */; };
		4093ABAD2CDB9CBF00F7E060 /* Presentation.framework in Embed Frameworks */ = {isa = PBXBuildFile; fileRef = B307B4BB2CD9B6D6001C5040 /* Presentation.framework */; settings = {ATTRIBUTES = (CodeSignOnCopy, RemoveHeadersOnCopy, ); }; };
		80A6CE392CECC67B00CE2285 /* Core.framework in Frameworks */ = {isa = PBXBuildFile; fileRef = 80A6CE382CECC67B00CE2285 /* Core.framework */; };
		80A6CE3A2CECC67B00CE2285 /* Core.framework in Embed Frameworks */ = {isa = PBXBuildFile; fileRef = 80A6CE382CECC67B00CE2285 /* Core.framework */; settings = {ATTRIBUTES = (CodeSignOnCopy, RemoveHeadersOnCopy, ); }; };
		80A6CE3C2CECC68000CE2285 /* DataModule.framework in Frameworks */ = {isa = PBXBuildFile; fileRef = 80A6CE3B2CECC68000CE2285 /* DataModule.framework */; };
		80A6CE3D2CECC68000CE2285 /* DataModule.framework in Embed Frameworks */ = {isa = PBXBuildFile; fileRef = 80A6CE3B2CECC68000CE2285 /* DataModule.framework */; settings = {ATTRIBUTES = (CodeSignOnCopy, RemoveHeadersOnCopy, ); }; };
		80A6CE3E2CECC68400CE2285 /* DataStorage.framework in Frameworks */ = {isa = PBXBuildFile; fileRef = B307B5202CD9F881001C5040 /* DataStorage.framework */; };
		80A6CE3F2CECC68900CE2285 /* NetworkModule.framework in Frameworks */ = {isa = PBXBuildFile; fileRef = B307B51E2CD9F87A001C5040 /* NetworkModule.framework */; };
		80A6CE412CECC69600CE2285 /* Domain.framework in Frameworks */ = {isa = PBXBuildFile; fileRef = 80A6CE402CECC69600CE2285 /* Domain.framework */; };
		80A6CE422CECC69600CE2285 /* Domain.framework in Embed Frameworks */ = {isa = PBXBuildFile; fileRef = 80A6CE402CECC69600CE2285 /* Domain.framework */; settings = {ATTRIBUTES = (CodeSignOnCopy, RemoveHeadersOnCopy, ); }; };
/* End PBXBuildFile section */

/* Begin PBXContainerItemProxy section */
		B307B49D2CD9B5AD001C5040 /* PBXContainerItemProxy */ = {
			isa = PBXContainerItemProxy;
			containerPortal = B307B47E2CD9B5AB001C5040 /* Project object */;
			proxyType = 1;
			remoteGlobalIDString = B307B4852CD9B5AB001C5040;
			remoteInfo = Application;
		};
		B307B4A72CD9B5AD001C5040 /* PBXContainerItemProxy */ = {
			isa = PBXContainerItemProxy;
			containerPortal = B307B47E2CD9B5AB001C5040 /* Project object */;
			proxyType = 1;
			remoteGlobalIDString = B307B4852CD9B5AB001C5040;
			remoteInfo = Application;
		};
/* End PBXContainerItemProxy section */

/* Begin PBXCopyFilesBuildPhase section */
		4093ABA92CDB9CBC00F7E060 /* Embed Frameworks */ = {
			isa = PBXCopyFilesBuildPhase;
			buildActionMask = 2147483647;
			dstPath = "";
			dstSubfolderSpec = 10;
			files = (
				80A6CE422CECC69600CE2285 /* Domain.framework in Embed Frameworks */,
				4093ABA82CDB9CBC00F7E060 /* DataStorage.framework in Embed Frameworks */,
				4093ABAB2CDB9CBE00F7E060 /* NetworkModule.framework in Embed Frameworks */,
				4093ABAD2CDB9CBF00F7E060 /* Presentation.framework in Embed Frameworks */,
				80A6CE3D2CECC68000CE2285 /* DataModule.framework in Embed Frameworks */,
				80A6CE3A2CECC67B00CE2285 /* Core.framework in Embed Frameworks */,
			);
			name = "Embed Frameworks";
			runOnlyForDeploymentPostprocessing = 0;
		};
/* End PBXCopyFilesBuildPhase section */

/* Begin PBXFileReference section */
		80A6CE382CECC67B00CE2285 /* Core.framework */ = {isa = PBXFileReference; explicitFileType = wrapper.framework; path = Core.framework; sourceTree = BUILT_PRODUCTS_DIR; };
		80A6CE3B2CECC68000CE2285 /* DataModule.framework */ = {isa = PBXFileReference; explicitFileType = wrapper.framework; path = DataModule.framework; sourceTree = BUILT_PRODUCTS_DIR; };
		80A6CE402CECC69600CE2285 /* Domain.framework */ = {isa = PBXFileReference; explicitFileType = wrapper.framework; path = Domain.framework; sourceTree = BUILT_PRODUCTS_DIR; };
		B307B4862CD9B5AB001C5040 /* Application.app */ = {isa = PBXFileReference; explicitFileType = wrapper.application; includeInIndex = 0; path = Application.app; sourceTree = BUILT_PRODUCTS_DIR; };
		B307B49C2CD9B5AD001C5040 /* ApplicationTests.xctest */ = {isa = PBXFileReference; explicitFileType = wrapper.cfbundle; includeInIndex = 0; path = ApplicationTests.xctest; sourceTree = BUILT_PRODUCTS_DIR; };
		B307B4A62CD9B5AD001C5040 /* ApplicationUITests.xctest */ = {isa = PBXFileReference; explicitFileType = wrapper.cfbundle; includeInIndex = 0; path = ApplicationUITests.xctest; sourceTree = BUILT_PRODUCTS_DIR; };
		B307B4BB2CD9B6D6001C5040 /* Presentation.framework */ = {isa = PBXFileReference; explicitFileType = wrapper.framework; path = Presentation.framework; sourceTree = BUILT_PRODUCTS_DIR; };
		B307B51E2CD9F87A001C5040 /* NetworkModule.framework */ = {isa = PBXFileReference; explicitFileType = wrapper.framework; path = NetworkModule.framework; sourceTree = BUILT_PRODUCTS_DIR; };
		B307B5202CD9F881001C5040 /* DataStorage.framework */ = {isa = PBXFileReference; explicitFileType = wrapper.framework; path = DataStorage.framework; sourceTree = BUILT_PRODUCTS_DIR; };
/* End PBXFileReference section */

/* Begin PBXFileSystemSynchronizedBuildFileExceptionSet section */
		B307B4AE2CD9B5AD001C5040 /* Exceptions for "Application" folder in "Application" target */ = {
			isa = PBXFileSystemSynchronizedBuildFileExceptionSet;
			membershipExceptions = (
				Resource/Info.plist,
			);
			target = B307B4852CD9B5AB001C5040 /* Application */;
		};
/* End PBXFileSystemSynchronizedBuildFileExceptionSet section */

/* Begin PBXFileSystemSynchronizedRootGroup section */
		B307B4882CD9B5AB001C5040 /* Application */ = {
			isa = PBXFileSystemSynchronizedRootGroup;
			exceptions = (
				B307B4AE2CD9B5AD001C5040 /* Exceptions for "Application" folder in "Application" target */,
			);
			path = Application;
			sourceTree = "<group>";
		};
		B307B49F2CD9B5AD001C5040 /* ApplicationTests */ = {
			isa = PBXFileSystemSynchronizedRootGroup;
			path = ApplicationTests;
			sourceTree = "<group>";
		};
/* End PBXFileSystemSynchronizedRootGroup section */

/* Begin PBXFrameworksBuildPhase section */
		B307B4832CD9B5AB001C5040 /* Frameworks */ = {
			isa = PBXFrameworksBuildPhase;
			buildActionMask = 2147483647;
			files = (
				80A6CE3E2CECC68400CE2285 /* DataStorage.framework in Frameworks */,
				4093ABA72CDB9CBC00F7E060 /* DataStorage.framework in Frameworks */,
				80A6CE3F2CECC68900CE2285 /* NetworkModule.framework in Frameworks */,
				4093ABAA2CDB9CBE00F7E060 /* NetworkModule.framework in Frameworks */,
				80A6CE412CECC69600CE2285 /* Domain.framework in Frameworks */,
				4093ABAC2CDB9CBF00F7E060 /* Presentation.framework in Frameworks */,
				80A6CE3C2CECC68000CE2285 /* DataModule.framework in Frameworks */,
				80A6CE392CECC67B00CE2285 /* Core.framework in Frameworks */,
			);
			runOnlyForDeploymentPostprocessing = 0;
		};
		B307B4992CD9B5AD001C5040 /* Frameworks */ = {
			isa = PBXFrameworksBuildPhase;
			buildActionMask = 2147483647;
			files = (
			);
			runOnlyForDeploymentPostprocessing = 0;
		};
		B307B4A32CD9B5AD001C5040 /* Frameworks */ = {
			isa = PBXFrameworksBuildPhase;
			buildActionMask = 2147483647;
			files = (
			);
			runOnlyForDeploymentPostprocessing = 0;
		};
/* End PBXFrameworksBuildPhase section */

/* Begin PBXGroup section */
		B307B47D2CD9B5AB001C5040 = {
			isa = PBXGroup;
			children = (
				B307B4882CD9B5AB001C5040 /* Application */,
				B307B49F2CD9B5AD001C5040 /* ApplicationTests */,
				B307B4BA2CD9B6D6001C5040 /* Frameworks */,
				B307B4872CD9B5AB001C5040 /* Products */,
			);
			sourceTree = "<group>";
		};
		B307B4872CD9B5AB001C5040 /* Products */ = {
			isa = PBXGroup;
			children = (
				B307B4862CD9B5AB001C5040 /* Application.app */,
				B307B49C2CD9B5AD001C5040 /* ApplicationTests.xctest */,
				B307B4A62CD9B5AD001C5040 /* ApplicationUITests.xctest */,
			);
			name = Products;
			sourceTree = "<group>";
		};
		B307B4BA2CD9B6D6001C5040 /* Frameworks */ = {
			isa = PBXGroup;
			children = (
				80A6CE402CECC69600CE2285 /* Domain.framework */,
				80A6CE3B2CECC68000CE2285 /* DataModule.framework */,
				80A6CE382CECC67B00CE2285 /* Core.framework */,
				B307B5202CD9F881001C5040 /* DataStorage.framework */,
				B307B51E2CD9F87A001C5040 /* NetworkModule.framework */,
				B307B4BB2CD9B6D6001C5040 /* Presentation.framework */,
			);
			name = Frameworks;
			sourceTree = "<group>";
		};
/* End PBXGroup section */

/* Begin PBXNativeTarget section */
		B307B4852CD9B5AB001C5040 /* Application */ = {
			isa = PBXNativeTarget;
			buildConfigurationList = B307B4AF2CD9B5AD001C5040 /* Build configuration list for PBXNativeTarget "Application" */;
			buildPhases = (
				B307B4822CD9B5AB001C5040 /* Sources */,
				B307B4832CD9B5AB001C5040 /* Frameworks */,
				B307B4842CD9B5AB001C5040 /* Resources */,
				4093ABA92CDB9CBC00F7E060 /* Embed Frameworks */,
				40F1113B2CE2062F00489763 /* ShellScript */,
			);
			buildRules = (
			);
			dependencies = (
			);
			fileSystemSynchronizedGroups = (
				B307B4882CD9B5AB001C5040 /* Application */,
			);
			name = Application;
			packageProductDependencies = (
			);
			productName = Application;
			productReference = B307B4862CD9B5AB001C5040 /* Application.app */;
			productType = "com.apple.product-type.application";
		};
		B307B49B2CD9B5AD001C5040 /* ApplicationTests */ = {
			isa = PBXNativeTarget;
			buildConfigurationList = B307B4B42CD9B5AD001C5040 /* Build configuration list for PBXNativeTarget "ApplicationTests" */;
			buildPhases = (
				B307B4982CD9B5AD001C5040 /* Sources */,
				B307B4992CD9B5AD001C5040 /* Frameworks */,
				B307B49A2CD9B5AD001C5040 /* Resources */,
			);
			buildRules = (
			);
			dependencies = (
				B307B49E2CD9B5AD001C5040 /* PBXTargetDependency */,
			);
			fileSystemSynchronizedGroups = (
				B307B49F2CD9B5AD001C5040 /* ApplicationTests */,
			);
			name = ApplicationTests;
			packageProductDependencies = (
			);
			productName = ApplicationTests;
			productReference = B307B49C2CD9B5AD001C5040 /* ApplicationTests.xctest */;
			productType = "com.apple.product-type.bundle.unit-test";
		};
		B307B4A52CD9B5AD001C5040 /* ApplicationUITests */ = {
			isa = PBXNativeTarget;
			buildConfigurationList = B307B4B72CD9B5AD001C5040 /* Build configuration list for PBXNativeTarget "ApplicationUITests" */;
			buildPhases = (
				B307B4A22CD9B5AD001C5040 /* Sources */,
				B307B4A32CD9B5AD001C5040 /* Frameworks */,
				B307B4A42CD9B5AD001C5040 /* Resources */,
			);
			buildRules = (
			);
			dependencies = (
				B307B4A82CD9B5AD001C5040 /* PBXTargetDependency */,
			);
			name = ApplicationUITests;
			packageProductDependencies = (
			);
			productName = ApplicationUITests;
			productReference = B307B4A62CD9B5AD001C5040 /* ApplicationUITests.xctest */;
			productType = "com.apple.product-type.bundle.ui-testing";
		};
/* End PBXNativeTarget section */

/* Begin PBXProject section */
		B307B47E2CD9B5AB001C5040 /* Project object */ = {
			isa = PBXProject;
			attributes = {
				BuildIndependentTargetsInParallel = 1;
				LastSwiftUpdateCheck = 1600;
				LastUpgradeCheck = 1600;
				TargetAttributes = {
					B307B4852CD9B5AB001C5040 = {
						CreatedOnToolsVersion = 16.0;
					};
					B307B49B2CD9B5AD001C5040 = {
						CreatedOnToolsVersion = 16.0;
						TestTargetID = B307B4852CD9B5AB001C5040;
					};
					B307B4A52CD9B5AD001C5040 = {
						CreatedOnToolsVersion = 16.0;
						TestTargetID = B307B4852CD9B5AB001C5040;
					};
				};
			};
			buildConfigurationList = B307B4812CD9B5AB001C5040 /* Build configuration list for PBXProject "Application" */;
			developmentRegion = en;
			hasScannedForEncodings = 0;
			knownRegions = (
				en,
				Base,
			);
			mainGroup = B307B47D2CD9B5AB001C5040;
			minimizedProjectReferenceProxies = 1;
			packageReferences = (
				B307B6AD2CDC7BF1001C5040 /* XCRemoteSwiftPackageReference "SwiftLint" */,
			);
			preferredProjectObjectVersion = 77;
			productRefGroup = B307B4872CD9B5AB001C5040 /* Products */;
			projectDirPath = "";
			projectRoot = "";
			targets = (
				B307B4852CD9B5AB001C5040 /* Application */,
				B307B49B2CD9B5AD001C5040 /* ApplicationTests */,
				B307B4A52CD9B5AD001C5040 /* ApplicationUITests */,
			);
		};
/* End PBXProject section */

/* Begin PBXResourcesBuildPhase section */
		B307B4842CD9B5AB001C5040 /* Resources */ = {
			isa = PBXResourcesBuildPhase;
			buildActionMask = 2147483647;
			files = (
			);
			runOnlyForDeploymentPostprocessing = 0;
		};
		B307B49A2CD9B5AD001C5040 /* Resources */ = {
			isa = PBXResourcesBuildPhase;
			buildActionMask = 2147483647;
			files = (
			);
			runOnlyForDeploymentPostprocessing = 0;
		};
		B307B4A42CD9B5AD001C5040 /* Resources */ = {
			isa = PBXResourcesBuildPhase;
			buildActionMask = 2147483647;
			files = (
			);
			runOnlyForDeploymentPostprocessing = 0;
		};
/* End PBXResourcesBuildPhase section */

/* Begin PBXShellScriptBuildPhase section */
		40F1113B2CE2062F00489763 /* ShellScript */ = {
			isa = PBXShellScriptBuildPhase;
			buildActionMask = 2147483647;
			files = (
			);
			inputFileListPaths = (
			);
			inputPaths = (
			);
			outputFileListPaths = (
			);
			outputPaths = (
			);
			runOnlyForDeploymentPostprocessing = 0;
			shellPath = /bin/sh;
			shellScript = "export PATH=\"/opt/homebrew/bin:$PATH\"\n\nSWIFTLINT_CONFIG=\"${PROJECT_DIR}/../.swiftlint.yml\"\n\nif which swiftlint >/dev/null; then\n  swiftlint --config \"$SWIFTLINT_CONFIG\"\nelse\n  echo \"warning: SwiftLint not installed. Please install it via Homebrew.\"\nfi\n";
		};
/* End PBXShellScriptBuildPhase section */

/* Begin PBXSourcesBuildPhase section */
		B307B4822CD9B5AB001C5040 /* Sources */ = {
			isa = PBXSourcesBuildPhase;
			buildActionMask = 2147483647;
			files = (
			);
			runOnlyForDeploymentPostprocessing = 0;
		};
		B307B4982CD9B5AD001C5040 /* Sources */ = {
			isa = PBXSourcesBuildPhase;
			buildActionMask = 2147483647;
			files = (
			);
			runOnlyForDeploymentPostprocessing = 0;
		};
		B307B4A22CD9B5AD001C5040 /* Sources */ = {
			isa = PBXSourcesBuildPhase;
			buildActionMask = 2147483647;
			files = (
			);
			runOnlyForDeploymentPostprocessing = 0;
		};
/* End PBXSourcesBuildPhase section */

/* Begin PBXTargetDependency section */
		B307B49E2CD9B5AD001C5040 /* PBXTargetDependency */ = {
			isa = PBXTargetDependency;
			target = B307B4852CD9B5AB001C5040 /* Application */;
			targetProxy = B307B49D2CD9B5AD001C5040 /* PBXContainerItemProxy */;
		};
		B307B4A82CD9B5AD001C5040 /* PBXTargetDependency */ = {
			isa = PBXTargetDependency;
			target = B307B4852CD9B5AB001C5040 /* Application */;
			targetProxy = B307B4A72CD9B5AD001C5040 /* PBXContainerItemProxy */;
		};
/* End PBXTargetDependency section */

/* Begin XCBuildConfiguration section */
		B307B4B02CD9B5AD001C5040 /* Debug */ = {
			isa = XCBuildConfiguration;
			buildSettings = {
				ASSETCATALOG_COMPILER_APPICON_NAME = AppIcon;
				ASSETCATALOG_COMPILER_GLOBAL_ACCENT_COLOR_NAME = AccentColor;
				CODE_SIGN_STYLE = Automatic;
				CURRENT_PROJECT_VERSION = 0;
				DEVELOPMENT_TEAM = B3PWYBKFUK;
				ENABLE_USER_SCRIPT_SANDBOXING = NO;
				GENERATE_INFOPLIST_FILE = YES;
				INFOPLIST_FILE = Application/Resource/Info.plist;
				INFOPLIST_KEY_NSMicrophoneUsageDescription = "Assign Microphone Usage Description";
				INFOPLIST_KEY_NSSpeechRecognitionUsageDescription = "Assign Speech Recognition Usage Description";
				INFOPLIST_KEY_UIApplicationSupportsIndirectInputEvents = YES;
				INFOPLIST_KEY_UILaunchStoryboardName = LaunchScreen;
				INFOPLIST_KEY_UISupportedInterfaceOrientations = UIInterfaceOrientationPortrait;
				INFOPLIST_KEY_UISupportedInterfaceOrientations_iPad = "UIInterfaceOrientationLandscapeLeft UIInterfaceOrientationLandscapeRight UIInterfaceOrientationPortrait UIInterfaceOrientationPortraitUpsideDown";
				INFOPLIST_KEY_UIUserInterfaceStyle = Light;
				IPHONEOS_DEPLOYMENT_TARGET = 15.6;
				LD_RUNPATH_SEARCH_PATHS = (
					"$(inherited)",
					"@executable_path/Frameworks",
				);
				MARKETING_VERSION = 1.0;
				PRODUCT_BUNDLE_IDENTIFIER = kr.codesquad.boostcamp9.Heim.Application;
				PRODUCT_NAME = "$(TARGET_NAME)";
				SUPPORTED_PLATFORMS = "iphoneos iphonesimulator";
				SUPPORTS_MACCATALYST = NO;
				SUPPORTS_MAC_DESIGNED_FOR_IPHONE_IPAD = NO;
				SUPPORTS_XR_DESIGNED_FOR_IPHONE_IPAD = NO;
				SWIFT_EMIT_LOC_STRINGS = YES;
				SWIFT_VERSION = 5.0;
				TARGETED_DEVICE_FAMILY = 1;
			};
			name = Debug;
		};
		B307B4B12CD9B5AD001C5040 /* Release */ = {
			isa = XCBuildConfiguration;
			buildSettings = {
				ASSETCATALOG_COMPILER_APPICON_NAME = AppIcon;
				ASSETCATALOG_COMPILER_GLOBAL_ACCENT_COLOR_NAME = AccentColor;
				CODE_SIGN_STYLE = Automatic;
				CURRENT_PROJECT_VERSION = 0;
				DEVELOPMENT_TEAM = B3PWYBKFUK;
				ENABLE_USER_SCRIPT_SANDBOXING = NO;
				GENERATE_INFOPLIST_FILE = YES;
				INFOPLIST_FILE = Application/Resource/Info.plist;
				INFOPLIST_KEY_NSMicrophoneUsageDescription = "Assign Microphone Usage Description";
				INFOPLIST_KEY_NSSpeechRecognitionUsageDescription = "Assign Speech Recognition Usage Description";
				INFOPLIST_KEY_UIApplicationSupportsIndirectInputEvents = YES;
				INFOPLIST_KEY_UILaunchStoryboardName = LaunchScreen;
				INFOPLIST_KEY_UISupportedInterfaceOrientations = UIInterfaceOrientationPortrait;
				INFOPLIST_KEY_UISupportedInterfaceOrientations_iPad = "UIInterfaceOrientationLandscapeLeft UIInterfaceOrientationLandscapeRight UIInterfaceOrientationPortrait UIInterfaceOrientationPortraitUpsideDown";
				INFOPLIST_KEY_UIUserInterfaceStyle = Light;
				IPHONEOS_DEPLOYMENT_TARGET = 15.6;
				LD_RUNPATH_SEARCH_PATHS = (
					"$(inherited)",
					"@executable_path/Frameworks",
				);
				MARKETING_VERSION = 1.0;
				PRODUCT_BUNDLE_IDENTIFIER = kr.codesquad.boostcamp9.Heim.Application;
				PRODUCT_NAME = "$(TARGET_NAME)";
				SUPPORTED_PLATFORMS = "iphoneos iphonesimulator";
				SUPPORTS_MACCATALYST = NO;
				SUPPORTS_MAC_DESIGNED_FOR_IPHONE_IPAD = NO;
				SUPPORTS_XR_DESIGNED_FOR_IPHONE_IPAD = NO;
				SWIFT_EMIT_LOC_STRINGS = YES;
				SWIFT_VERSION = 5.0;
				TARGETED_DEVICE_FAMILY = 1;
			};
			name = Release;
		};
		B307B4B22CD9B5AD001C5040 /* Debug */ = {
			isa = XCBuildConfiguration;
			buildSettings = {
				ALWAYS_SEARCH_USER_PATHS = NO;
				ASSETCATALOG_COMPILER_GENERATE_SWIFT_ASSET_SYMBOL_EXTENSIONS = YES;
				CLANG_ANALYZER_NONNULL = YES;
				CLANG_ANALYZER_NUMBER_OBJECT_CONVERSION = YES_AGGRESSIVE;
				CLANG_CXX_LANGUAGE_STANDARD = "gnu++20";
				CLANG_ENABLE_MODULES = YES;
				CLANG_ENABLE_OBJC_ARC = YES;
				CLANG_ENABLE_OBJC_WEAK = YES;
				CLANG_WARN_BLOCK_CAPTURE_AUTORELEASING = YES;
				CLANG_WARN_BOOL_CONVERSION = YES;
				CLANG_WARN_COMMA = YES;
				CLANG_WARN_CONSTANT_CONVERSION = YES;
				CLANG_WARN_DEPRECATED_OBJC_IMPLEMENTATIONS = YES;
				CLANG_WARN_DIRECT_OBJC_ISA_USAGE = YES_ERROR;
				CLANG_WARN_DOCUMENTATION_COMMENTS = YES;
				CLANG_WARN_EMPTY_BODY = YES;
				CLANG_WARN_ENUM_CONVERSION = YES;
				CLANG_WARN_INFINITE_RECURSION = YES;
				CLANG_WARN_INT_CONVERSION = YES;
				CLANG_WARN_NON_LITERAL_NULL_CONVERSION = YES;
				CLANG_WARN_OBJC_IMPLICIT_RETAIN_SELF = YES;
				CLANG_WARN_OBJC_LITERAL_CONVERSION = YES;
				CLANG_WARN_OBJC_ROOT_CLASS = YES_ERROR;
				CLANG_WARN_QUOTED_INCLUDE_IN_FRAMEWORK_HEADER = YES;
				CLANG_WARN_RANGE_LOOP_ANALYSIS = YES;
				CLANG_WARN_STRICT_PROTOTYPES = YES;
				CLANG_WARN_SUSPICIOUS_MOVE = YES;
				CLANG_WARN_UNGUARDED_AVAILABILITY = YES_AGGRESSIVE;
				CLANG_WARN_UNREACHABLE_CODE = YES;
				CLANG_WARN__DUPLICATE_METHOD_MATCH = YES;
				COPY_PHASE_STRIP = NO;
				DEBUG_INFORMATION_FORMAT = dwarf;
				ENABLE_STRICT_OBJC_MSGSEND = YES;
				ENABLE_TESTABILITY = YES;
				ENABLE_USER_SCRIPT_SANDBOXING = YES;
				GCC_C_LANGUAGE_STANDARD = gnu17;
				GCC_DYNAMIC_NO_PIC = NO;
				GCC_NO_COMMON_BLOCKS = YES;
				GCC_OPTIMIZATION_LEVEL = 0;
				GCC_PREPROCESSOR_DEFINITIONS = (
					"DEBUG=1",
					"$(inherited)",
				);
				GCC_WARN_64_TO_32_BIT_CONVERSION = YES;
				GCC_WARN_ABOUT_RETURN_TYPE = YES_ERROR;
				GCC_WARN_UNDECLARED_SELECTOR = YES;
				GCC_WARN_UNINITIALIZED_AUTOS = YES_AGGRESSIVE;
				GCC_WARN_UNUSED_FUNCTION = YES;
				GCC_WARN_UNUSED_VARIABLE = YES;
				IPHONEOS_DEPLOYMENT_TARGET = 18.0;
				LOCALIZATION_PREFERS_STRING_CATALOGS = YES;
				MTL_ENABLE_DEBUG_INFO = INCLUDE_SOURCE;
				MTL_FAST_MATH = YES;
				ONLY_ACTIVE_ARCH = YES;
				SDKROOT = iphoneos;
				SWIFT_ACTIVE_COMPILATION_CONDITIONS = "DEBUG $(inherited)";
				SWIFT_OPTIMIZATION_LEVEL = "-Onone";
			};
			name = Debug;
		};
		B307B4B32CD9B5AD001C5040 /* Release */ = {
			isa = XCBuildConfiguration;
			buildSettings = {
				ALWAYS_SEARCH_USER_PATHS = NO;
				ASSETCATALOG_COMPILER_GENERATE_SWIFT_ASSET_SYMBOL_EXTENSIONS = YES;
				CLANG_ANALYZER_NONNULL = YES;
				CLANG_ANALYZER_NUMBER_OBJECT_CONVERSION = YES_AGGRESSIVE;
				CLANG_CXX_LANGUAGE_STANDARD = "gnu++20";
				CLANG_ENABLE_MODULES = YES;
				CLANG_ENABLE_OBJC_ARC = YES;
				CLANG_ENABLE_OBJC_WEAK = YES;
				CLANG_WARN_BLOCK_CAPTURE_AUTORELEASING = YES;
				CLANG_WARN_BOOL_CONVERSION = YES;
				CLANG_WARN_COMMA = YES;
				CLANG_WARN_CONSTANT_CONVERSION = YES;
				CLANG_WARN_DEPRECATED_OBJC_IMPLEMENTATIONS = YES;
				CLANG_WARN_DIRECT_OBJC_ISA_USAGE = YES_ERROR;
				CLANG_WARN_DOCUMENTATION_COMMENTS = YES;
				CLANG_WARN_EMPTY_BODY = YES;
				CLANG_WARN_ENUM_CONVERSION = YES;
				CLANG_WARN_INFINITE_RECURSION = YES;
				CLANG_WARN_INT_CONVERSION = YES;
				CLANG_WARN_NON_LITERAL_NULL_CONVERSION = YES;
				CLANG_WARN_OBJC_IMPLICIT_RETAIN_SELF = YES;
				CLANG_WARN_OBJC_LITERAL_CONVERSION = YES;
				CLANG_WARN_OBJC_ROOT_CLASS = YES_ERROR;
				CLANG_WARN_QUOTED_INCLUDE_IN_FRAMEWORK_HEADER = YES;
				CLANG_WARN_RANGE_LOOP_ANALYSIS = YES;
				CLANG_WARN_STRICT_PROTOTYPES = YES;
				CLANG_WARN_SUSPICIOUS_MOVE = YES;
				CLANG_WARN_UNGUARDED_AVAILABILITY = YES_AGGRESSIVE;
				CLANG_WARN_UNREACHABLE_CODE = YES;
				CLANG_WARN__DUPLICATE_METHOD_MATCH = YES;
				COPY_PHASE_STRIP = NO;
				DEBUG_INFORMATION_FORMAT = "dwarf-with-dsym";
				ENABLE_NS_ASSERTIONS = NO;
				ENABLE_STRICT_OBJC_MSGSEND = YES;
				ENABLE_USER_SCRIPT_SANDBOXING = YES;
				GCC_C_LANGUAGE_STANDARD = gnu17;
				GCC_NO_COMMON_BLOCKS = YES;
				GCC_WARN_64_TO_32_BIT_CONVERSION = YES;
				GCC_WARN_ABOUT_RETURN_TYPE = YES_ERROR;
				GCC_WARN_UNDECLARED_SELECTOR = YES;
				GCC_WARN_UNINITIALIZED_AUTOS = YES_AGGRESSIVE;
				GCC_WARN_UNUSED_FUNCTION = YES;
				GCC_WARN_UNUSED_VARIABLE = YES;
				IPHONEOS_DEPLOYMENT_TARGET = 18.0;
				LOCALIZATION_PREFERS_STRING_CATALOGS = YES;
				MTL_ENABLE_DEBUG_INFO = NO;
				MTL_FAST_MATH = YES;
				SDKROOT = iphoneos;
				SWIFT_COMPILATION_MODE = wholemodule;
				VALIDATE_PRODUCT = YES;
			};
			name = Release;
		};
		B307B4B52CD9B5AD001C5040 /* Debug */ = {
			isa = XCBuildConfiguration;
			buildSettings = {
				BUNDLE_LOADER = "$(TEST_HOST)";
				CODE_SIGN_STYLE = Automatic;
				CURRENT_PROJECT_VERSION = 1;
				DEVELOPMENT_TEAM = B3PWYBKFUK;
				GENERATE_INFOPLIST_FILE = YES;
				IPHONEOS_DEPLOYMENT_TARGET = 18.0;
				MARKETING_VERSION = 1.0;
				PRODUCT_BUNDLE_IDENTIFIER = kr.codesquad.boostcamp9.Heim.ApplicationTests;
				PRODUCT_NAME = "$(TARGET_NAME)";
				SWIFT_EMIT_LOC_STRINGS = NO;
				SWIFT_VERSION = 5.0;
				TARGETED_DEVICE_FAMILY = "1,2";
				TEST_HOST = "$(BUILT_PRODUCTS_DIR)/Application.app/$(BUNDLE_EXECUTABLE_FOLDER_PATH)/Application";
			};
			name = Debug;
		};
		B307B4B62CD9B5AD001C5040 /* Release */ = {
			isa = XCBuildConfiguration;
			buildSettings = {
				BUNDLE_LOADER = "$(TEST_HOST)";
				CODE_SIGN_STYLE = Automatic;
				CURRENT_PROJECT_VERSION = 1;
				DEVELOPMENT_TEAM = B3PWYBKFUK;
				GENERATE_INFOPLIST_FILE = YES;
				IPHONEOS_DEPLOYMENT_TARGET = 18.0;
				MARKETING_VERSION = 1.0;
				PRODUCT_BUNDLE_IDENTIFIER = kr.codesquad.boostcamp9.Heim.ApplicationTests;
				PRODUCT_NAME = "$(TARGET_NAME)";
				SWIFT_EMIT_LOC_STRINGS = NO;
				SWIFT_VERSION = 5.0;
				TARGETED_DEVICE_FAMILY = "1,2";
				TEST_HOST = "$(BUILT_PRODUCTS_DIR)/Application.app/$(BUNDLE_EXECUTABLE_FOLDER_PATH)/Application";
			};
			name = Release;
		};
		B307B4B82CD9B5AD001C5040 /* Debug */ = {
			isa = XCBuildConfiguration;
			buildSettings = {
				CODE_SIGN_STYLE = Automatic;
				CURRENT_PROJECT_VERSION = 1;
				DEVELOPMENT_TEAM = B3PWYBKFUK;
				GENERATE_INFOPLIST_FILE = YES;
				MARKETING_VERSION = 1.0;
				PRODUCT_BUNDLE_IDENTIFIER = kr.codesquad.boostcamp9.Heim.ApplicationUITests;
				PRODUCT_NAME = "$(TARGET_NAME)";
				SWIFT_EMIT_LOC_STRINGS = NO;
				SWIFT_VERSION = 5.0;
				TARGETED_DEVICE_FAMILY = "1,2";
				TEST_TARGET_NAME = Application;
			};
			name = Debug;
		};
		B307B4B92CD9B5AD001C5040 /* Release */ = {
			isa = XCBuildConfiguration;
			buildSettings = {
				CODE_SIGN_STYLE = Automatic;
				CURRENT_PROJECT_VERSION = 1;
				DEVELOPMENT_TEAM = B3PWYBKFUK;
				GENERATE_INFOPLIST_FILE = YES;
				MARKETING_VERSION = 1.0;
				PRODUCT_BUNDLE_IDENTIFIER = kr.codesquad.boostcamp9.Heim.ApplicationUITests;
				PRODUCT_NAME = "$(TARGET_NAME)";
				SWIFT_EMIT_LOC_STRINGS = NO;
				SWIFT_VERSION = 5.0;
				TARGETED_DEVICE_FAMILY = "1,2";
				TEST_TARGET_NAME = Application;
			};
			name = Release;
		};
/* End XCBuildConfiguration section */

/* Begin XCConfigurationList section */
		B307B4812CD9B5AB001C5040 /* Build configuration list for PBXProject "Application" */ = {
			isa = XCConfigurationList;
			buildConfigurations = (
				B307B4B22CD9B5AD001C5040 /* Debug */,
				B307B4B32CD9B5AD001C5040 /* Release */,
			);
			defaultConfigurationIsVisible = 0;
			defaultConfigurationName = Release;
		};
		B307B4AF2CD9B5AD001C5040 /* Build configuration list for PBXNativeTarget "Application" */ = {
			isa = XCConfigurationList;
			buildConfigurations = (
				B307B4B02CD9B5AD001C5040 /* Debug */,
				B307B4B12CD9B5AD001C5040 /* Release */,
			);
			defaultConfigurationIsVisible = 0;
			defaultConfigurationName = Release;
		};
		B307B4B42CD9B5AD001C5040 /* Build configuration list for PBXNativeTarget "ApplicationTests" */ = {
			isa = XCConfigurationList;
			buildConfigurations = (
				B307B4B52CD9B5AD001C5040 /* Debug */,
				B307B4B62CD9B5AD001C5040 /* Release */,
			);
			defaultConfigurationIsVisible = 0;
			defaultConfigurationName = Release;
		};
		B307B4B72CD9B5AD001C5040 /* Build configuration list for PBXNativeTarget "ApplicationUITests" */ = {
			isa = XCConfigurationList;
			buildConfigurations = (
				B307B4B82CD9B5AD001C5040 /* Debug */,
				B307B4B92CD9B5AD001C5040 /* Release */,
			);
			defaultConfigurationIsVisible = 0;
			defaultConfigurationName = Release;
		};
/* End XCConfigurationList section */

/* Begin XCRemoteSwiftPackageReference section */
		B307B6AD2CDC7BF1001C5040 /* XCRemoteSwiftPackageReference "SwiftLint" */ = {
			isa = XCRemoteSwiftPackageReference;
			repositoryURL = "https://github.com/realm/SwiftLint";
			requirement = {
				kind = upToNextMajorVersion;
				minimumVersion = 0.57.0;
			};
		};
/* End XCRemoteSwiftPackageReference section */
	};
	rootObject = B307B47E2CD9B5AB001C5040 /* Project object */;
}
